
Microsoft Visual Studio Solution File, Format Version 12.00
# Visual Studio Version 16
VisualStudioVersion = 16.0.31321.278
MinimumVisualStudioVersion = 10.0.40219.1
Project("{FAE04EC0-301F-11D3-BF4B-00C04F79EFBC}") = "DemoThrowStack", "DemoThrowStack\DemoThrowStack.csproj", "{4EF93F68-51DA-45C2-897E-67AF3A10FEE0}"
EndProject
Global
	GlobalSection(SolutionConfigurationPlatforms) = preSolution
		Debug|Any CPU = Debug|Any CPU
		Release|Any CPU = Release|Any CPU
	EndGlobalSection
	GlobalSection(ProjectConfigurationPlatforms) = postSolution
		{4EF93F68-51DA-45C2-897E-67AF3A10FEE0}.Debug|Any CPU.ActiveCfg = Debug|Any CPU
		{4EF93F68-51DA-45C2-897E-67AF3A10FEE0}.Debug|Any CPU.Build.0 = Debug|Any CPU
		{4EF93F68-51DA-45C2-897E-67AF3A10FEE0}.Release|Any CPU.ActiveCfg = Release|Any CPU
		{4EF93F68-51DA-45C2-897E-67AF3A10FEE0}.Release|Any CPU.Build.0 = Release|Any CPU
	EndGlobalSection
	GlobalSection(SolutionProperties) = preSolution
		HideSolutionNode = FALSE
	EndGlobalSection
	GlobalSection(ExtensibilityGlobals) = postSolution
		SolutionGuid = {97EFAC0B-2D69-4194-9338-866D0B4F2B08}
	EndGlobalSection
EndGlobal
